github.com/coreos/go-oidc/v3 v3.20.0 h1:EtE0WIBHk03N+DqGkY4+UONzzZHk7amKt6IyNd7OsZE=
github.com/coreos/go-oidc/v3 v3.20.0/go.mod h1:DYCf24+ncYi+XkIH97GY1+dqoRlbaSI26KVTCI9SrY4=
github.com/cplieger/arrapi v1.8.5 h1:jc1wLlWTU8fMJDCRvtPlUlPoq+9LvvDcy3vFvC+z0co=
github.com/cplieger/arrapi v1.8.5/go.mod h1:whGudoMSyvK75H70wl4AMthRwBguH1ucY9PMVM5jJjo=
github.com/cplieger/atomicfile/v2 v2.9.0 h1:WuUuhNQJiihqUcy7xgvf0fB9dGZQJ1L/TRlZxs4SQpo=
github.com/cplieger/atomicfile/v2 v2.9.0/go.mod h1:jgwJ7oU3qahL4NwiF+1iBIzPRpR8LwXnicSalGoJeVA=
github.com/cplieger/auth/v2 v2.1.3 h1:VWE8c6u8Soyb2fgZcRM++O7y0ISIP9lS64+I5C8buJE=
github.com/cplieger/auth/v2 v2.1.3/go.mod h1:AS4VkzKHSgFjUgFTrLpCmMVsHgYCVh1TIzzqCMSnPaw=
github.com/cplieger/envx v1.6.0 h1:TMYjXLAJQDlwddx9dU6+ErURtaO4L1lFfKyrf9SzSOY=
github.com/cplieger/envx v1.6.0/go.mod h1:bdIxSs3VcSw/2zR1d+bNWAnwn/ISYngodlsrV6Re6O8=
github.com/cplieger/envx/yamlenv v1.2.1 h1:EzLTghpO16rFdf9RImru1t2wMR2QNGpRIvQw7M4jSZA=
github.com/cplieger/envx/yamlenv v1.2.1/go.mod h1:Ur9/Rynk/DCB6QkqPpg/DEHCr5GhiAXpTGqinBqGNlI=
github.com/cplieger/health v1.5.0 h1:UoKuXvSK7MWioKGR8cYAFhhqM9L5a/ubUT9IUtglHIw=
github.com/cplieger/health v1.5.0/go.mod h1:15Lm3XhPMU3nCEDfIH2hVAz6TXH06Wwiz9tgBi71vEE=
github.com/cplieger/httpx/v4 v4.3.0 h1:L81rPl89hhDnancLYMZEScwAsil7PRIaV60c9jbt8C0=
github.com/cplieger/httpx/v4 v4.3.0/go.mod h1:bfJDGEQRWEwLu6mlwk49PfDIAETABwhlp+DAWFXo8XE=
github.com/cplieger/jsonx v1.4.0 h1:+s4Qoxua5T8g5INVcucyTXPGJpznqfpWcUXsk0GzDwU=
github.com/cplieger/jsonx v1.4.0/go.mod h1:6EoDR/SptVUcpEx+YyZcvGym6Je9vBPmhEwG/BwAVv8=
github.com/cplieger/keyenc v1.0.1 h1:2NXyt2JTLC6J/b6DgBn0es7i3YjLsBxp2b+wJNKc1Pg=
github.com/cplieger/keyenc v1.0.1/go.mod h1:p1k0R76F3pZH5i+OrNd3UazKrcsYL26H3kXly083ozA=
github.com/cplieger/metrics/v3 v3.0.1 h1:hyEQgUZOXumW1rGMtAk29rLjy2xFAO3RWbd6kzclEHg=
github.com/cplieger/metrics/v3 v3.0.1/go.mod h1:EghyCDLd5c24KYisJ+tasMxIzC/jHaY31Cklb2Zxw/s=
github.com/cplieger/pathinside v1.0.0 h1:w58q7tntX7VcVnDmF4r/FNKnvl1yLq4tDac845XTdBU=
github.com/cplieger/pathinside v1.0.0/go.mod h1:yHMRs1HFsqkCGWYUzRCD+DoKWCIZE8Uj0wTKkFTFUsg=
github.com/cplieger/runesafe v1.4.0 h1:gdDYtWTysEl32n68fJM9hfrjoebT/QGiXuSQ08XyQ1g=
github.com/cplieger/runesafe v1.4.0/go.mod h1:37oz7JJVn1PIWv5UHrJhDhCabmqhMY+eRavwZ6Lp6NI=
github.com/cplieger/slogx v1.6.0 h1:ctcE3EqHz0VxmHYGWwcAGpexIWtZrB427UoDa3umpGk=
github.com/cplieger/slogx v1.6.0/go.mod h1:15KA2NVx725imQe/PYXUmd3oM2oMpYpqwU+hdHtz7Fc=
github.com/cplieger/ssrf/v3 v3.0.0 h1:wIrJ6rDkuMvsNqGQ1J25iTnn/xFxLD2fEwOsdiwNrYA=
github.com/cplieger/ssrf/v3 v3.0.0/go.mod h1:887QK6H7IDoYavU5I/0K/0rFRX29bTfP9SeS1x75tls=
github.com/cplieger/webhttp v1.23.0 h1:zqDy0xcfZ3b8THIpDU6QZvTyppNSqcn6/QFUsmIzQRk=
github.com/cplieger/webhttp v1.23.0/go.mod h1:RYtweYFUohqE5DIOt06Ypr0j9VHXjxSPBLIG3vM0H44=
github.com/cplieger/wiregen/v2 v2.0.2 h1:rnbbntX80eWA5oSDjtGdKANaQ449q6HnlqZ497eDl9Y=
github.com/cplieger/wiregen/v2 v2.0.2/go.mod h1:xQCxDP4WA44tc3VFJA3/peDBDYtZQy4aDLa9m3VkWcE=
github.com/cplieger/xmlx v1.0.0 h1:tdUqGwAQ5kufIWwDJjYnWS2AcXoT5URLpfa5KaDR+CA=
github.com/cplieger/xmlx v1.0.0/go.mod h1:iZ1VwTghHYMNpbDmwX19wApwlAS+TzWVOV4NCq0zirY=
github.com/davecgh/go-spew v1.1.1 h1:vj9j/u1bqnvCEfJOwUhtlOARqs3+rkHYY13jYWTU97c=
github.com/davecgh/go-spew v1.1.1/go.mod h1:J7Y8YcW2NihsgmVo/mv3lAwl/skON4iLHjSsI+c5H38=
github.com/evanw/esbuild v0.28.2 h1:A2uETn4jrQTcXaT/shwTDTYBxDjl7fV7nXmUrJxfA2w=
github.com/evanw/esbuild v0.28.2/go.mod h1:D2vIQZqV/vIf/VRHtViaUtViZmG7o+kKmlBfVQuRi48=
github.com/fxamacker/cbor/v2 v2.9.2 h1:X4Ksno9+x3cz0TZv69ec1hxP/+tymuR8PXQJyDwfh78=
github.com/fxamacker/cbor/v2 v2.9.2/go.mod h1:vM4b+DJCtHn+zz7h3FFp/hDAI9WNWCsZj23V5ytsSxQ=
github.com/go-jose/go-jose/v4 v4.1.4 h1:moDMcTHmvE6Groj34emNPLs/qtYXRVcd6S7NHbHz3kA=
github.com/go-jose/go-jose/v4 v4.1.4/go.mod h1:x4oUasVrzR7071A4TnHLGSPpNOm2a21K9Kf04k1rs08=
github.com/go-viper/mapstructure/v2 v2.5.0 h1:vM5IJoUAy3d7zRSVtIwQgBj7BiWtMPfmPEgAXnvj1Ro=
github.com/go-viper/mapstructure/v2 v2.5.0/go.mod h1:oJDH3BJKyqBA2TXFhDsKDGDTlndYOZ6rGS0BRZIxGhM=
github.com/go-webauthn/webauthn v0.17.4 h1:KFTSz3R2RYDiUn/0cDi3XTJgFenSG74eKTTHlqWhlxk=
github.com/go-webauthn/webauthn v0.17.4/go.mod h1:pZk63EE/BdztlmyS4Yc+9H5g4a8blNlbtGmdHQHbZX8=
github.com/go-webauthn/x v0.2.8 h1:x7whGNJdgDJzJ06uItJjiqvneS0ljcvT3HGkgL+8g3M=
github.com/go-webauthn/x v0.2.8/go.mod h1:mdH0BXq0eKmAtBc7QTr37Yv+qGfsVf/ai8M3R+aXyUE=
github.com/golang-jwt/jwt/v5 v5.3.1 h1:kYf81DTWFe7t+1VvL7eS+jKFVWaUnK9cB1qbwn63YCY=
github.com/golang-jwt/jwt/v5 v5.3.1/go.mod h1:fxCRLWMO43lRc8nhHWY6LGqRcf+1gQWArsqaEUEa5bE=
github.com/google/go-cmp v0.6.0 h1:ofyhxvXcZhMsU5ulbFiLKl/XBFqE1GSq7atu8tAmTRI=
github.com/google/go-cmp v0.6.0/go.mod h1:17dUlkBOakJ0+DkrSSNjCkIjxS6bF9zb3elmeNGIjoY=
github.com/google/go-tpm v0.9.8 h1:slArAR9Ft+1ybZu0lBwpSmpwhRXaa85hWtMinMyRAWo=
github.com/google/go-tpm v0.9.8/go.mod h1:h9jEsEECg7gtLis0upRBQU+GhYVH6jMjrFxI8u6bVUY=
github.com/google/go-tpm-tools v0.3.13-0.20230620182252-4639ecce2aba h1:qJEJcuLzH5KDR0gKc0zcktin6KSAwL7+jWKBYceddTc=
github.com/google/go-tpm-tools v0.3.13-0.20230620182252-4639ecce2aba/go.mod h1:EFYHy8/1y2KfgTAsx7Luu7NGhoxtuVHnNo8jE7FikKc=
github.com/google/uuid v1.6.0 h1:NIvaJDMOsjHA8n1jAhLSgzrAzy1Hgr+hNrb57e+94F0=
github.com/google/uuid v1.6.0/go.mod h1:TIyPZe4MgqvfeYDBFedMoGGpEw/LqOeaOT+nhxU+yHo=
github.com/nwaples/rardecode/v2 v2.3.0 h1:CtgyxWm8ClLcSh1u4M58fOz6lmeb/j4V7KpaEi/6UtM=
github.com/nwaples/rardecode/v2 v2.3.0/go.mod h1:7uz379lSxPe6j9nvzxUZ+n7mnJNgjsRNb6IbvGVHRmw=
github.com/philhofer/fwd v1.2.0 h1:e6DnBTl7vGY+Gz322/ASL4Gyp1FspeMvx1RNDoToZuM=
github.com/philhofer/fwd v1.2.0/go.mod h1:RqIHx9QI14HlwKwm98g9Re5prTQ6LdeRQn+gXJFxsJM=
github.com/pmezard/go-difflib v1.0.0 h1:4DBwDE0NGyQoBHbLQYPwSUPoCMWR5BEzIk/f1lZbAQM=
github.com/pmezard/go-difflib v1.0.0/go.mod h1:iKH77koFhYxTK1pcRnkKkqfTogsbg7gZNVY4sRDYZ/4=
github.com/stretchr/testify v1.11.1 h1:7s2iGBzp5EwR7/aIZr8ao5+dra3wiQyKjjFuvgVKu7U=
github.com/stretchr/testify v1.11.1/go.mod h1:wZwfW3scLgRK+23gO65QZefKpKQRnfz6sD981Nm4B6U=
github.com/tinylib/msgp v1.6.4 h1:mOwYbyYDLPj35mkA2BjjYejgJk9BuHxDdvRnb6v2ZcQ=
github.com/tinylib/msgp v1.6.4/go.mod h1:RSp0LW9oSxFut3KzESt5Voq4GVWyS+PSulT77roAqEA=
github.com/ulikunitz/xz v0.5.16 h1:ld6NyySjx5lowVKwJvMRLnW5nxKX/xnpSiFYZ/Lxur0=
github.com/ulikunitz/xz v0.5.16/go.mod h1:H9Rt/W6/Qj27PGauhQc6nfCDy7vHpzsOThBSaYDoEhw=
github.com/x448/float16 v0.8.4 h1:qLwI1I70+NjRFUR3zs1JPUCgaCXSh3SW62uAKT1mSBM=
github.com/x448/float16 v0.8.4/go.mod h1:14CWIYCyZA/cWjXOioeEpHeN/83MdbZDRQHoFcYsOfg=
go.etcd.io/bbolt v1.5.0 h1:S7GAl7Fxv12yohbwFfIbQCGDWbQbtDGPET4P/bD4lxU=
go.etcd.io/bbolt v1.5.0/go.mod h1:mkltfYE5aUHQxUct9N9V+Kp7aSjFqjgrhcXIS70Lrdk=
go.uber.org/mock v0.6.0 h1:hyF9dfmbgIX5EfOdasqLsWD6xqpNZlXblLB/Dbnwv3Y=
go.uber.org/mock v0.6.0/go.mod h1:KiVJ4BqZJaMj4svdfmHM0AUx4NJYO8ZNpPnZn1Z+BBU=
go.yaml.in/yaml/v3 v3.0.5 h1:N6y/pJk8buWs9NY5ERU2HSMfm+IuD/OtfdAnq6kESPw=
go.yaml.in/yaml/v3 v3.0.5/go.mod h1:HVTZu1O7/Vkt2N+BFy8Zza+lnLsABggaTM2ZpNIGuKg=
golang.org/x/crypto v0.55.0 h1:+KWHjbgOaAQ66dh/YlkZKHlz9ZUlq61AFirAR9ntP8M=
golang.org/x/crypto v0.55.0/go.mod h1:uq0V9dE/fzQuJtbnL+2EhWOE63vo164FY8xqEnV9xis=
golang.org/x/mod v0.39.0 h1:UF5zwQdCRRUpHfyPwr7d4UrGiVeldIsogtzWVnczL74=
golang.org/x/mod v0.39.0/go.mod h1:bvIbwjQ0HUFFf5AKukeeYQG4ZBUG9yxQbR9aEweIwYY=
golang.org/x/oauth2 v0.36.0 h1:peZ/1z27fi9hUOFCAZaHyrpWG5lwe0RJEEEeH0ThlIs=
golang.org/x/oauth2 v0.36.0/go.mod h1:YDBUJMTkDnJS+A4BP4eZBjCqtokkg1hODuPjwiGPO7Q=
golang.org/x/sync v0.22.0 h1:SZjpbeLmrCk4xhRSZFNZW5gFUeCeFgjekvI/+gfScek=
golang.org/x/sync v0.22.0/go.mod h1:9xrNwdLfx4jkKbNva9FpL6vEN7evnE43NNNJQ2LF3+0=
golang.org/x/sys v0.0.0-20220715151400-c0bba94af5f8/go.mod h1:oPkhp1MJrh7nUepCBck5+mAzfO9JrbApNNgaTdGDITg=
golang.org/x/sys v0.47.0 h1:o7XGOvZQCADBQQ4Y7VNq2dRWQR7JmOUW8Kxx4ZsNgWs=
golang.org/x/sys v0.47.0/go.mod h1:4GL1E5IUh+htKOUEOaiffhrAeqysfVGipDYzABqnCmw=
golang.org/x/term v0.45.0 h1:NwWyBmoJCbfTHpxrWoZ9C6/VxOf7ic219I8xZZFdrf0=
golang.org/x/term v0.45.0/go.mod h1:9aqxs0blBcrm/n0L9QW0aRVD+ktan8ssZromtqJC43w=
golang.org/x/tools v0.48.0 h1:3+hClM1aLL5mjMKm5ovokw9epgRXPuu2tILgismM6RE=
golang.org/x/tools v0.48.0/go.mod h1:08xX0orndb/F7jJxGDicx061tyd5pcMto75YMAXr6lk=
gopkg.in/yaml.v3 v3.0.1 h1:fxVm/GzAzEWqLHuvctI91KS9hhNmmWOoWu0XTYJS7CA=
gopkg.in/yaml.v3 v3.0.1/go.mod h1:K4uyk7z7BCEPqu6E+C64Yfv1cQ7kz7rIZviUmN+EgEM=
pgregory.net/rapid v1.3.0 h1:vBvO0VSqti75J1jjYqpgPNBLKMd1+gxa9fYo7vk/Exc=
pgregory.net/rapid v1.3.0/go.mod h1:dPlE4OBBxgXPqkP79flB6sJL1dx5azpI7HQ9MY9Z7uk=
