github.com/coreos/go-oidc/v3 v3.20.0 h1:EtE0WIBHk03N+DqGkY4+UONzzZHk7amKt6IyNd7OsZE=
github.com/coreos/go-oidc/v3 v3.20.0/go.mod h1:DYCf24+ncYi+XkIH97GY1+dqoRlbaSI26KVTCI9SrY4=
github.com/cplieger/arrapi v1.8.7 h1:yjibkRqnTeIuZFXogUKkIivUJJZlZ5vHQTIto4QLnBI=
github.com/cplieger/arrapi v1.8.7/go.mod h1:AoksyDKB+LJM1IY6KuTmUg3zq5fRAmVPMWbvNBp0YlA=
github.com/cplieger/atomicfile/v2 v2.9.1 h1:ffPe0EEDOUuVJCFpYlj6GbyBBQe6B/M2pYAlgXvXreM=
github.com/cplieger/atomicfile/v2 v2.9.1/go.mod h1:nGhc6CiB3BdQtQsKh/E4Trp5kr4wRxcpslZYsc/qBRQ=
github.com/cplieger/auth/v3 v3.0.0 h1:D1wSX/Wv1RCyBii7O4UspVgWJfqlsm5mSo0lyqDWEmM=
github.com/cplieger/auth/v3 v3.0.0/go.mod h1:7Fcr1k9d35UD9z/Aoe5nJBGB55WXejjoPwbc5KQB54c=
github.com/cplieger/envx v1.6.2 h1:WkkfW0X2zThD0CFa8gyRT0fIkBs92aaJAysrv8DTQ7w=
github.com/cplieger/envx v1.6.2/go.mod h1:KDD48+0Z6HDkryyvyijGNzEwPb453psx9NKzVlqp9NU=
github.com/cplieger/envx/yamlenv v1.2.2 h1:esq19+kpbkWzkF8Y6t7M0oq+JwqqbYtqk37miHGp0eY=
github.com/cplieger/envx/yamlenv v1.2.2/go.mod h1:d+ivrhPmc0MCT/69Ez9hSXuWMCDI6xreIbQ4ENcB0vI=
github.com/cplieger/health v1.5.1 h1:HxMLi2KOgNwCJ9yo+YicnRQXelD5B0hJTfmG/eJ0cWc=
github.com/cplieger/health v1.5.1/go.mod h1:pFkWxVKbja/KO/bkI0ybdN4LipfX8yNTqSM/S0ufrhE=
github.com/cplieger/httpx/v4 v4.3.1 h1:XDyP4i0k02B6wvnW4mp0KQ7vM6RIHtzkkP0Gzzu2GVI=
github.com/cplieger/httpx/v4 v4.3.1/go.mod h1:0coefCZ470kiMATdNrU0CY5a4g/W7pFy0433CVZHwWc=
github.com/cplieger/jsonx v1.4.1 h1:UeaV4OCPJXepaQ4uXQsyKS0iSku7WjFfqpC6BTzqX3c=
github.com/cplieger/jsonx v1.4.1/go.mod h1:/SeA9jQwNBd3QsG1McbWkbyO0UyBg1s7SE51/Vm/L7c=
github.com/cplieger/keyenc v1.0.2 h1:1DjKsJOOXOu7Qdhupj7S5Wq6fcrA1moKnBZBrF37XiE=
github.com/cplieger/keyenc v1.0.2/go.mod h1:Q9zMsHPmtkcMvl8PjC2r3YIOoDicMlUcwkEdv+9oK2I=
github.com/cplieger/langtag v1.0.1 h1:tpvg0npOEOria8/YQ4BrAIAOnwGtFVUB8Ye1o6IoEBI=
github.com/cplieger/langtag v1.0.1/go.mod h1:Xg7tsOUoVUR3A58pFMEoacq1M4eiX8yfnVrfC4Z+RZ8=
github.com/cplieger/metrics/v3 v3.0.2 h1:pInB8dVRbgVsxi9a4np2uZcCsYXH9yvB6EBNJ2q+6/U=
github.com/cplieger/metrics/v3 v3.0.2/go.mod h1:PARPw0Ez8ZiPaiDCKQ3f4RJlgq5Ibpsy2kC8sUjRJHI=
github.com/cplieger/pathinside v1.0.1 h1:9V47HfttoYR8V0JE24u50KGNujXmnWLVdIiOGawsY3w=
github.com/cplieger/pathinside v1.0.1/go.mod h1:WLX0Ih8PbQmhaKmaUjJ+OhaiggEeIFqSFy9Qs1oDQKo=
github.com/cplieger/runesafe v1.4.1 h1:yRlSpbjPVVRHqlWflwx1mXKH4eudbTqbga3/CAZTSsY=
github.com/cplieger/runesafe v1.4.1/go.mod h1:YLZBsc8mkP/AdmRml6BcsHgUeQm6hZZ7YLcjpY91Nzo=
github.com/cplieger/slogx v1.6.1 h1:f9C3LeGPD6uxAU096O7ggUcvmon8vFmG6WMkscMI6rU=
github.com/cplieger/slogx v1.6.1/go.mod h1:BMgRBOiufqGP7GRx2iz6wykZ2c9tBk570g9MPs5ejNQ=
github.com/cplieger/ssrf/v3 v3.0.1 h1:rtRD08Li3O5YKineCNHJWeCfPzmygSNRyWDExtawL0w=
github.com/cplieger/ssrf/v3 v3.0.1/go.mod h1:spoZ/AoSyYlf7ha4959OzhvoaWgkSNgCBnvE+GwgkH4=
github.com/cplieger/webhttp v1.23.1 h1:516SQtv8ARg5MjdqigF8/AXJttWt3LqmKd4rOLXm2bs=
github.com/cplieger/webhttp v1.23.1/go.mod h1:zamKuC9sws/0ql2zKMroo0bCLUCqvNkgJpK2Ot5GwRo=
github.com/cplieger/wiregen/v2 v2.0.6 h1:GzIYDxDDMcbCDrQ6kp/t8zqZgpTxp4fmn0YVJKNSie0=
github.com/cplieger/wiregen/v2 v2.0.6/go.mod h1:4a+9hAOVDz7zzgPt+VVo3kxkVa3Ww3YqfebTEUxbl60=
github.com/cplieger/xmlx v1.0.1 h1:34SuU+x+2qE0uKRtqw3lM66ljYG57z0n+L3Ccp5q8H8=
github.com/cplieger/xmlx v1.0.1/go.mod h1:+XOW4egV6AeF/Z14oyY4QNPgLkutnGLb5zMXjfhudQE=
github.com/davecgh/go-spew v1.1.1 h1:vj9j/u1bqnvCEfJOwUhtlOARqs3+rkHYY13jYWTU97c=
github.com/davecgh/go-spew v1.1.1/go.mod h1:J7Y8YcW2NihsgmVo/mv3lAwl/skON4iLHjSsI+c5H38=
github.com/evanw/esbuild v0.28.2 h1:A2uETn4jrQTcXaT/shwTDTYBxDjl7fV7nXmUrJxfA2w=
github.com/evanw/esbuild v0.28.2/go.mod h1:D2vIQZqV/vIf/VRHtViaUtViZmG7o+kKmlBfVQuRi48=
github.com/fxamacker/cbor/v2 v2.9.2 h1:X4Ksno9+x3cz0TZv69ec1hxP/+tymuR8PXQJyDwfh78=
github.com/fxamacker/cbor/v2 v2.9.2/go.mod h1:vM4b+DJCtHn+zz7h3FFp/hDAI9WNWCsZj23V5ytsSxQ=
github.com/go-jose/go-jose/v4 v4.1.4 h1:moDMcTHmvE6Groj34emNPLs/qtYXRVcd6S7NHbHz3kA=
github.com/go-jose/go-jose/v4 v4.1.4/go.mod h1:x4oUasVrzR7071A4TnHLGSPpNOm2a21K9Kf04k1rs08=
github.com/go-viper/mapstructure/v2 v2.5.0 h1:vM5IJoUAy3d7zRSVtIwQgBj7BiWtMPfmPEgAXnvj1Ro=
github.com/go-viper/mapstructure/v2 v2.5.0/go.mod h1:oJDH3BJKyqBA2TXFhDsKDGDTlndYOZ6rGS0BRZIxGhM=
github.com/go-webauthn/webauthn v0.17.4 h1:KFTSz3R2RYDiUn/0cDi3XTJgFenSG74eKTTHlqWhlxk=
github.com/go-webauthn/webauthn v0.17.4/go.mod h1:pZk63EE/BdztlmyS4Yc+9H5g4a8blNlbtGmdHQHbZX8=
github.com/go-webauthn/x v0.3.0 h1:Q2X9vbrlP0Ed+QGEzixh1hthGZlDnzVT0XH/9IIQ0kE=
github.com/go-webauthn/x v0.3.0/go.mod h1:5OkdSQdOy7taRXWqvNHggtaPffmW94ybu3rZEER4I+I=
github.com/golang-jwt/jwt/v5 v5.3.1 h1:kYf81DTWFe7t+1VvL7eS+jKFVWaUnK9cB1qbwn63YCY=
github.com/golang-jwt/jwt/v5 v5.3.1/go.mod h1:fxCRLWMO43lRc8nhHWY6LGqRcf+1gQWArsqaEUEa5bE=
github.com/google/go-cmp v0.6.0 h1:ofyhxvXcZhMsU5ulbFiLKl/XBFqE1GSq7atu8tAmTRI=
github.com/google/go-cmp v0.6.0/go.mod h1:17dUlkBOakJ0+DkrSSNjCkIjxS6bF9zb3elmeNGIjoY=
github.com/google/go-tpm v0.9.8 h1:slArAR9Ft+1ybZu0lBwpSmpwhRXaa85hWtMinMyRAWo=
github.com/google/go-tpm v0.9.8/go.mod h1:h9jEsEECg7gtLis0upRBQU+GhYVH6jMjrFxI8u6bVUY=
github.com/google/go-tpm-tools v0.3.13-0.20230620182252-4639ecce2aba h1:qJEJcuLzH5KDR0gKc0zcktin6KSAwL7+jWKBYceddTc=
github.com/google/go-tpm-tools v0.3.13-0.20230620182252-4639ecce2aba/go.mod h1:EFYHy8/1y2KfgTAsx7Luu7NGhoxtuVHnNo8jE7FikKc=
github.com/google/uuid v1.6.0 h1:NIvaJDMOsjHA8n1jAhLSgzrAzy1Hgr+hNrb57e+94F0=
github.com/google/uuid v1.6.0/go.mod h1:TIyPZe4MgqvfeYDBFedMoGGpEw/LqOeaOT+nhxU+yHo=
github.com/nwaples/rardecode/v2 v2.3.0 h1:CtgyxWm8ClLcSh1u4M58fOz6lmeb/j4V7KpaEi/6UtM=
github.com/nwaples/rardecode/v2 v2.3.0/go.mod h1:7uz379lSxPe6j9nvzxUZ+n7mnJNgjsRNb6IbvGVHRmw=
github.com/philhofer/fwd v1.2.0 h1:e6DnBTl7vGY+Gz322/ASL4Gyp1FspeMvx1RNDoToZuM=
github.com/philhofer/fwd v1.2.0/go.mod h1:RqIHx9QI14HlwKwm98g9Re5prTQ6LdeRQn+gXJFxsJM=
github.com/pmezard/go-difflib v1.0.0 h1:4DBwDE0NGyQoBHbLQYPwSUPoCMWR5BEzIk/f1lZbAQM=
github.com/pmezard/go-difflib v1.0.0/go.mod h1:iKH77koFhYxTK1pcRnkKkqfTogsbg7gZNVY4sRDYZ/4=
github.com/stretchr/testify v1.11.1 h1:7s2iGBzp5EwR7/aIZr8ao5+dra3wiQyKjjFuvgVKu7U=
github.com/stretchr/testify v1.11.1/go.mod h1:wZwfW3scLgRK+23gO65QZefKpKQRnfz6sD981Nm4B6U=
github.com/tinylib/msgp v1.6.4 h1:mOwYbyYDLPj35mkA2BjjYejgJk9BuHxDdvRnb6v2ZcQ=
github.com/tinylib/msgp v1.6.4/go.mod h1:RSp0LW9oSxFut3KzESt5Voq4GVWyS+PSulT77roAqEA=
github.com/ulikunitz/xz v0.5.16 h1:ld6NyySjx5lowVKwJvMRLnW5nxKX/xnpSiFYZ/Lxur0=
github.com/ulikunitz/xz v0.5.16/go.mod h1:H9Rt/W6/Qj27PGauhQc6nfCDy7vHpzsOThBSaYDoEhw=
github.com/x448/float16 v0.8.4 h1:qLwI1I70+NjRFUR3zs1JPUCgaCXSh3SW62uAKT1mSBM=
github.com/x448/float16 v0.8.4/go.mod h1:14CWIYCyZA/cWjXOioeEpHeN/83MdbZDRQHoFcYsOfg=
go.etcd.io/bbolt v1.5.0 h1:S7GAl7Fxv12yohbwFfIbQCGDWbQbtDGPET4P/bD4lxU=
go.etcd.io/bbolt v1.5.0/go.mod h1:mkltfYE5aUHQxUct9N9V+Kp7aSjFqjgrhcXIS70Lrdk=
go.uber.org/mock v0.6.0 h1:hyF9dfmbgIX5EfOdasqLsWD6xqpNZlXblLB/Dbnwv3Y=
go.uber.org/mock v0.6.0/go.mod h1:KiVJ4BqZJaMj4svdfmHM0AUx4NJYO8ZNpPnZn1Z+BBU=
go.yaml.in/yaml/v3 v3.0.5 h1:N6y/pJk8buWs9NY5ERU2HSMfm+IuD/OtfdAnq6kESPw=
go.yaml.in/yaml/v3 v3.0.5/go.mod h1:HVTZu1O7/Vkt2N+BFy8Zza+lnLsABggaTM2ZpNIGuKg=
golang.org/x/crypto v0.55.0 h1:+KWHjbgOaAQ66dh/YlkZKHlz9ZUlq61AFirAR9ntP8M=
golang.org/x/crypto v0.55.0/go.mod h1:uq0V9dE/fzQuJtbnL+2EhWOE63vo164FY8xqEnV9xis=
golang.org/x/mod v0.40.0 h1:hUv+3cXcdRHz08UmSiOob7sadHig73uo5bkXxQ/tvUs=
golang.org/x/mod v0.40.0/go.mod h1:0/weTWkPWGBikyTWAX3dkjVztMmBA5hM0DH6BElSupE=
golang.org/x/oauth2 v0.36.0 h1:peZ/1z27fi9hUOFCAZaHyrpWG5lwe0RJEEEeH0ThlIs=
golang.org/x/oauth2 v0.36.0/go.mod h1:YDBUJMTkDnJS+A4BP4eZBjCqtokkg1hODuPjwiGPO7Q=
golang.org/x/sync v0.22.0 h1:SZjpbeLmrCk4xhRSZFNZW5gFUeCeFgjekvI/+gfScek=
golang.org/x/sync v0.22.0/go.mod h1:9xrNwdLfx4jkKbNva9FpL6vEN7evnE43NNNJQ2LF3+0=
golang.org/x/sys v0.0.0-20220715151400-c0bba94af5f8/go.mod h1:oPkhp1MJrh7nUepCBck5+mAzfO9JrbApNNgaTdGDITg=
golang.org/x/sys v0.47.0 h1:o7XGOvZQCADBQQ4Y7VNq2dRWQR7JmOUW8Kxx4ZsNgWs=
golang.org/x/sys v0.47.0/go.mod h1:4GL1E5IUh+htKOUEOaiffhrAeqysfVGipDYzABqnCmw=
golang.org/x/term v0.45.0 h1:NwWyBmoJCbfTHpxrWoZ9C6/VxOf7ic219I8xZZFdrf0=
golang.org/x/term v0.45.0/go.mod h1:9aqxs0blBcrm/n0L9QW0aRVD+ktan8ssZromtqJC43w=
golang.org/x/text v0.41.0 h1:vz/seA0lnX87Othu2f/0L24RcgrXD9/YFTSuGjj3rH8=
golang.org/x/text v0.41.0/go.mod h1:jvf1O8ajNzZqhSrQBPbutR/EB83Cc0CFrezNQIwbb5M=
golang.org/x/tools v0.49.0 h1:3NI7VXzL9+1WZD52Dx2ttoPwD5DWrFGpl9mFZDlmisI=
golang.org/x/tools v0.49.0/go.mod h1:SJNXV9DBKT0UbdttsQjbfJlAE/q+y36++zo3uL3N0Oo=
gopkg.in/yaml.v3 v3.0.1 h1:fxVm/GzAzEWqLHuvctI91KS9hhNmmWOoWu0XTYJS7CA=
gopkg.in/yaml.v3 v3.0.1/go.mod h1:K4uyk7z7BCEPqu6E+C64Yfv1cQ7kz7rIZviUmN+EgEM=
pgregory.net/rapid v1.3.0 h1:vBvO0VSqti75J1jjYqpgPNBLKMd1+gxa9fYo7vk/Exc=
pgregory.net/rapid v1.3.0/go.mod h1:dPlE4OBBxgXPqkP79flB6sJL1dx5azpI7HQ9MY9Z7uk=
