github.com/coreos/go-oidc/v3 v3.21.0 h1:wZo4Q9Pum8dYEj0eMUPrqR+kvuGkeUplbLpNCkBqoWM=
github.com/coreos/go-oidc/v3 v3.21.0/go.mod h1:DYCf24+ncYi+XkIH97GY1+dqoRlbaSI26KVTCI9SrY4=
github.com/cplieger/arrapi/v2 v2.2.3 h1:pKH0IGnRetdSrIY23T7VWx/K93IiHnspgbQYI/vJwk8=
github.com/cplieger/arrapi/v2 v2.2.3/go.mod h1:n7sFuPcx9uBJhuxxyL7ty49E/xdYsZXwUGA8MV534fM=
github.com/cplieger/atomicfile/v4 v4.1.0 h1:vBF59l/60iLtJhTdE+XCMVpvm5OVc9eGK60TzxG1yfs=
github.com/cplieger/atomicfile/v4 v4.1.0/go.mod h1:C3RUdajRwohBoXTS7pgGj4fMGpVk0f4mYuqHuRz7zHE=
github.com/cplieger/auth/v6 v6.2.0 h1:i3wSXtapkdTODIXm7YlxXC4nG6L7wKk8q6i/sHV6QEA=
github.com/cplieger/auth/v6 v6.2.0/go.mod h1:802d314Zxqi3TuoJii9xwxORyfd3t0W0wLu0yLFptwU=
github.com/cplieger/envx/v2 v2.0.7 h1:psUbYc3N+71/3Jouy2Py1YX731B/EuAH56N+HBx0XJg=
github.com/cplieger/envx/v2 v2.0.7/go.mod h1:xMjvjS+CI1VcUzZyzGPyeNpCyfEDBN+6FzcY6OEyJBY=
github.com/cplieger/envx/yamlenv/v2 v2.0.3 h1:ED9OyefBaGKA1zu3zeiJEmX6+hbRJqjdV/IVbaXf7aM=
github.com/cplieger/envx/yamlenv/v2 v2.0.3/go.mod h1:xFCFAHUJC/SvFw2vBxj8zH6jZdCVyBQN8XjF7fvfpRY=
github.com/cplieger/health v1.8.2 h1:diGNLq2UwTYpprTMJg0Dc5sd5l4Ec1wNFk1Ri8vaEGQ=
github.com/cplieger/health v1.8.2/go.mod h1:uiQm1zh3/7TGZffTX9W0p+GRTbVXfEM9POyWe1Rf0PU=
github.com/cplieger/httpx/v5 v5.0.5 h1:A2h/B2WJfjdGsY+r/jTID3Y86vY7Dfyg1DV+p77ili8=
github.com/cplieger/httpx/v5 v5.0.5/go.mod h1:+oL1fPTCSNuzy7HZEC2eCSirL+D3fh/AblvN/nQPSt0=
github.com/cplieger/jsonx/v2 v2.0.3 h1:YNHr4Roerfz9OBsURGBu8zjSE8NEJ2C+9itWIvnMA/Q=
github.com/cplieger/jsonx/v2 v2.0.3/go.mod h1:AC0rhkItbc/mhWmiVaONr/Av6p1wjgqgOYbEn8AAqK4=
github.com/cplieger/keyenc v1.0.11 h1:dt8+sEoBlQ1+mvID0NCr//RIhfqQM8mhcAg15kCrNeU=
github.com/cplieger/keyenc v1.0.11/go.mod h1:Lg79aUqLICnRRroo2EDqZKoUTY24g7UcOdgMA8T2j2w=
github.com/cplieger/langtag/v2 v2.0.5 h1:P0HkdKxFFJjwP+cQodwTc4iL+jE8emQzMJI5OZVsvrA=
github.com/cplieger/langtag/v2 v2.0.5/go.mod h1:luyH0VSPShxtVR2WTgCok50fwXEHnzRlfF5IwqBYdho=
github.com/cplieger/metrics/v4 v4.1.0 h1:k+tWJqlWC/aZ0tKkrMMlIhSDS3VBR2SQzp0896vMR+s=
github.com/cplieger/metrics/v4 v4.1.0/go.mod h1:4sWjiJsxLhGyFLFZ0Y4/yRpzfZDss/4V6xTjb5X/pUY=
github.com/cplieger/pathinside/v2 v2.0.3 h1:g7V1tj/OHvHIaB0W2rwS3HvoaK2Mv5sZWf++tbz9+Fk=
github.com/cplieger/pathinside/v2 v2.0.3/go.mod h1:WmVoGiWfzmYnkpgGArhVtnGOmANMdGjFy0se76jmg9w=
github.com/cplieger/runesafe/v2 v2.1.1 h1:RE5LVy0ebepMs3Gky6DKgFrV0ykODk2W8OGVa8Zm0H8=
github.com/cplieger/runesafe/v2 v2.1.1/go.mod h1:cB0JYmCjfU+VzKAFWnhYfJL8OK0+d196ZSwh+Ohr+0k=
github.com/cplieger/runesafe/v3 v3.0.0 h1:kswlOohhxhTqCLP/tATUqqoQvqXYVrcWjouRQE4EP3w=
github.com/cplieger/runesafe/v3 v3.0.0/go.mod h1:fRNhoxNxl4NHo4xkFyf5hePwPE7lGwcuGYN9MwyKZDU=
github.com/cplieger/slogx v1.6.7 h1:X0tViA7NGq0MtKlW2aIxyEP9khZX1n3OYethDXdJsHc=
github.com/cplieger/slogx v1.6.7/go.mod h1:OVpRiI3PBCUgA0uWdER654LNftjSDHbV/7PDYMoemTA=
github.com/cplieger/sse v1.2.0 h1:gZQh4mafRDEUdx/Ot4yr6ZEHSvS7v2ZcZftloMocXfs=
github.com/cplieger/sse v1.2.0/go.mod h1:kGL0tFzbTX5nHOdP9dfLOh6OlHEPkF5CX3mWAIit61Y=
github.com/cplieger/ssrf/v4 v4.3.0 h1:Qw2TBTOdMXDhP+6r2bN69BESIGCjsDbUtmhD25OoF1w=
github.com/cplieger/ssrf/v4 v4.3.0/go.mod h1:XssdRD8XPxVlxQkVOBLIOyi0aMhjG2xxO5uvAaiXZBg=
github.com/cplieger/webhttp/v3 v3.0.2 h1:4eAHYipBy/4tdGUM0S9shdvjkX97Lw2bhulJ3z94cZE=
github.com/cplieger/webhttp/v3 v3.0.2/go.mod h1:pl50N8nFHBn/2Le+YTpXgSRdmtkS9dt26LRXl/X9uZc=
github.com/cplieger/wiregen/v3 v3.3.0 h1:FrowYfwGTo5sKndPHA9yfKnL7Dy/Zyht3BdO/wML17Q=
github.com/cplieger/wiregen/v3 v3.3.0/go.mod h1:nkwt4FuC47/ZmDpuSRdkLTCm2VTZz6tmS56LkJ713y0=
github.com/cplieger/xmlx v1.0.6 h1:oKsCEocYbKcWM/4+j+l+QlPv4Myvqj+HQ3X+j5naDns=
github.com/cplieger/xmlx v1.0.6/go.mod h1:xEEyT298GrLxVQlpzActoEDfOQW0lwBuedrjXBc4cw4=
github.com/evanw/esbuild v0.28.2 h1:A2uETn4jrQTcXaT/shwTDTYBxDjl7fV7nXmUrJxfA2w=
github.com/evanw/esbuild v0.28.2/go.mod h1:D2vIQZqV/vIf/VRHtViaUtViZmG7o+kKmlBfVQuRi48=
github.com/fxamacker/cbor/v2 v2.9.6 h1:NHZPxuUjJXQjX9itA785y/5NKSlI4HQ+S7noZsmI7hs=
github.com/fxamacker/cbor/v2 v2.9.6/go.mod h1:4EaZp6ClVunETjQ4GHmGNzysDK91Lr+r6Yz6tJqzVCw=
github.com/go-jose/go-jose/v4 v4.1.5 h1:RjgjO2LOtWOJKUC5wpwY9LR3B3vwVAz6JS2YHfYU6eA=
github.com/go-jose/go-jose/v4 v4.1.5/go.mod h1:x4oUasVrzR7071A4TnHLGSPpNOm2a21K9Kf04k1rs08=
github.com/go-viper/mapstructure/v2 v2.5.0 h1:vM5IJoUAy3d7zRSVtIwQgBj7BiWtMPfmPEgAXnvj1Ro=
github.com/go-viper/mapstructure/v2 v2.5.0/go.mod h1:oJDH3BJKyqBA2TXFhDsKDGDTlndYOZ6rGS0BRZIxGhM=
github.com/go-webauthn/webauthn v0.18.2 h1:0BeftmEHU7i3Dv0VFwBtidy/ba37Vcdjvqst9EYu8Sk=
github.com/go-webauthn/webauthn v0.18.2/go.mod h1:hEXaOuLxvZ3zG9miZe3ehlyeVso9AtklXG+kTn36k+A=
github.com/go-webauthn/x v0.3.1 h1:1ff37z3XfmTTomkhlURgGizLIDyOvPgTt2t9nlzKLRo=
github.com/go-webauthn/x v0.3.1/go.mod h1:ZInxAynYXfBPvvm5gzKZ7geBlL23K71xASMgohHl/Rg=
github.com/golang-jwt/jwt/v5 v5.3.1 h1:kYf81DTWFe7t+1VvL7eS+jKFVWaUnK9cB1qbwn63YCY=
github.com/golang-jwt/jwt/v5 v5.3.1/go.mod h1:fxCRLWMO43lRc8nhHWY6LGqRcf+1gQWArsqaEUEa5bE=
github.com/google/go-cmp v0.6.0 h1:ofyhxvXcZhMsU5ulbFiLKl/XBFqE1GSq7atu8tAmTRI=
github.com/google/go-cmp v0.6.0/go.mod h1:17dUlkBOakJ0+DkrSSNjCkIjxS6bF9zb3elmeNGIjoY=
github.com/google/go-tpm v0.9.8 h1:slArAR9Ft+1ybZu0lBwpSmpwhRXaa85hWtMinMyRAWo=
github.com/google/go-tpm v0.9.8/go.mod h1:h9jEsEECg7gtLis0upRBQU+GhYVH6jMjrFxI8u6bVUY=
github.com/google/go-tpm-tools v0.3.13-0.20230620182252-4639ecce2aba h1:qJEJcuLzH5KDR0gKc0zcktin6KSAwL7+jWKBYceddTc=
github.com/google/go-tpm-tools v0.3.13-0.20230620182252-4639ecce2aba/go.mod h1:EFYHy8/1y2KfgTAsx7Luu7NGhoxtuVHnNo8jE7FikKc=
github.com/google/uuid v1.6.0 h1:NIvaJDMOsjHA8n1jAhLSgzrAzy1Hgr+hNrb57e+94F0=
github.com/google/uuid v1.6.0/go.mod h1:TIyPZe4MgqvfeYDBFedMoGGpEw/LqOeaOT+nhxU+yHo=
github.com/nwaples/rardecode/v2 v2.4.2 h1:ASxPcBgOrm4DnSYCrIcQGbuiBMDks7xLnRo8FpRuKtc=
github.com/nwaples/rardecode/v2 v2.4.2/go.mod h1:7uz379lSxPe6j9nvzxUZ+n7mnJNgjsRNb6IbvGVHRmw=
github.com/philhofer/fwd v1.2.0 h1:e6DnBTl7vGY+Gz322/ASL4Gyp1FspeMvx1RNDoToZuM=
github.com/philhofer/fwd v1.2.0/go.mod h1:RqIHx9QI14HlwKwm98g9Re5prTQ6LdeRQn+gXJFxsJM=
github.com/stretchr/testify v1.12.1 h1:EuwCh5fleGS7H32xRwO3wRGT7DxrDhLAT6FF8MpWDWE=
github.com/stretchr/testify v1.12.1/go.mod h1:MDEgiDPPsNp5cuIrHPPCyornHKgEVbtFUmoNlxoYthg=
github.com/tinylib/msgp v1.6.5 h1:iAH6XTP7BpzErjBZlujJQXxA+GmRi2YWs6M4KdLtNbE=
github.com/tinylib/msgp v1.6.5/go.mod h1:RSp0LW9oSxFut3KzESt5Voq4GVWyS+PSulT77roAqEA=
github.com/ulikunitz/xz v0.5.17 h1:flR0y/x1hgM8EGV1AW3Xll6T413G0glV8UfBwR617V4=
github.com/ulikunitz/xz v0.5.17/go.mod h1:H9Rt/W6/Qj27PGauhQc6nfCDy7vHpzsOThBSaYDoEhw=
github.com/x448/float16 v0.8.4 h1:qLwI1I70+NjRFUR3zs1JPUCgaCXSh3SW62uAKT1mSBM=
github.com/x448/float16 v0.8.4/go.mod h1:14CWIYCyZA/cWjXOioeEpHeN/83MdbZDRQHoFcYsOfg=
go.etcd.io/bbolt v1.5.0 h1:S7GAl7Fxv12yohbwFfIbQCGDWbQbtDGPET4P/bD4lxU=
go.etcd.io/bbolt v1.5.0/go.mod h1:mkltfYE5aUHQxUct9N9V+Kp7aSjFqjgrhcXIS70Lrdk=
go.uber.org/mock v0.6.0 h1:hyF9dfmbgIX5EfOdasqLsWD6xqpNZlXblLB/Dbnwv3Y=
go.uber.org/mock v0.6.0/go.mod h1:KiVJ4BqZJaMj4svdfmHM0AUx4NJYO8ZNpPnZn1Z+BBU=
go.yaml.in/yaml/v3 v3.0.5 h1:N6y/pJk8buWs9NY5ERU2HSMfm+IuD/OtfdAnq6kESPw=
go.yaml.in/yaml/v3 v3.0.5/go.mod h1:HVTZu1O7/Vkt2N+BFy8Zza+lnLsABggaTM2ZpNIGuKg=
golang.org/x/crypto v0.58.0 h1:COkYLr4k7nDI4r6QtMML2AfzeIswWHAJthLS6K/M/54=
golang.org/x/crypto v0.58.0/go.mod h1:Xh+kl5A+M0gMiWDytH2Hhr5Z7WbNCpv/eB/EFgfSk+w=
golang.org/x/mod v0.42.0 h1:ICeL3t2L30ljSPHHxDnR4fqVcBt/zR2zJAb9juavmQg=
golang.org/x/mod v0.42.0/go.mod h1:u5fzIrRInkL8MaO1cbRkUHT64v303YIT5KEqpNr7jRs=
golang.org/x/net v0.61.0 h1:RR+6j/BTBCrggOLugxa+66R8FvoN6MHlzDlZIbN9YFw=
golang.org/x/net v0.61.0/go.mod h1:WgDCOTH8iwtB66T4/GfI94AHo/hhdb7Hah9NDseQfiI=
golang.org/x/oauth2 v0.37.0 h1:JUlcxA8oAtauLfiH8FX2/FkAWHAdi0QtGCGc+hofE98=
golang.org/x/oauth2 v0.37.0/go.mod h1:IxwZNxUULJmpBFf9K/9NTMSIfZZuvuTy1gGxhigP/58=
golang.org/x/sync v0.24.0 h1:iqiDrGoDgyuvAKrhLQthUEzU/R378N78gXbBjxed7oA=
golang.org/x/sync v0.24.0/go.mod h1:sUUOizhqBxiL6pEWpqNLUiaJn1ShEbZ6BBqskPbjZm0=
golang.org/x/sys v0.0.0-20220715151400-c0bba94af5f8/go.mod h1:oPkhp1MJrh7nUepCBck5+mAzfO9JrbApNNgaTdGDITg=
golang.org/x/sys v0.49.0 h1:XbzkgYJHdqh/8m2Uu0W/dQv8nktxx4BFHp1M0gROTXA=
golang.org/x/sys v0.49.0/go.mod h1:hNLxWAXmnKAxqDtdwIYC4bM9oQPEecfsnNMuSxOs3og=
golang.org/x/term v0.47.0 h1:cpyOwQkr2Nzxe2p6KnrTG7Ei2wtzjsuSjhpXXepZ/BM=
golang.org/x/term v0.47.0/go.mod h1:efAfAuG6RKABvg1ArGebRkvX6LXul14SM67o2e4mUCY=
golang.org/x/text v0.43.0 h1:1QivrlhwAsnMOcqgOdl9my7s9OyZl8O5/UGUTJVXoWc=
golang.org/x/text v0.43.0/go.mod h1:hbSIYA/amXcRXTFSZqh8tWHEoqRvvbKPJ2uz/KU+a+s=
golang.org/x/tools v0.52.0 h1:ryxg4U63oaUYk7uOLTF37n43f4qgtGvqV4Ioit1BaEs=
golang.org/x/tools v0.52.0/go.mod h1:ItcP5UNaVGG+Yc4eIYmaFLNJ4soEopkx5Y2d4lcEurs=
pgregory.net/rapid v1.3.0 h1:vBvO0VSqti75J1jjYqpgPNBLKMd1+gxa9fYo7vk/Exc=
pgregory.net/rapid v1.3.0/go.mod h1:dPlE4OBBxgXPqkP79flB6sJL1dx5azpI7HQ9MY9Z7uk=
